
Microsoft Visual Studio Solution File, Format Version 12.00
# Visual Studio Version 17
VisualStudioVersion = 17.10.35013.160
MinimumVisualStudioVersion = 10.0.40219.1
Project("{FAE04EC0-301F-11D3-BF4B-00C04F79EFBC}") = "01_MainSubjects", "01_MainSunjects\01_MainSubjects.csproj", "{B1AADFAF-704A-45FD-AC69-16F510F9C5BA}"
EndProject
Project("{FAE04EC0-301F-11D3-BF4B-00C04F79EFBC}") = "02_Variables", "02_Variables\02_Variables.csproj", "{57EB5FF8-4C6F-444F-BD67-5B1723B26CCF}"
EndProject
Project("{FAE04EC0-301F-11D3-BF4B-00C04F79EFBC}") = "03_MakingDecision", "03_MakingDecision\03_MakingDecision.csproj", "{C5855702-7DBF-419A-99BA-4BA2F3908EC1}"
EndProject
Project("{FAE04EC0-301F-11D3-BF4B-00C04F79EFBC}") = "04_Loops", "04_Loops\04_Loops.csproj", "{36FB7CAC-C892-421C-8776-BBBCCFBFC4DE}"
EndProject
Project("{FAE04EC0-301F-11D3-BF4B-00C04F79EFBC}") = "05_LoopsWithStars", "05_LoopsWithStars\05_LoopsWithStars.csproj", "{9EA2E8C0-FBAF-44E9-BFD4-F4A45BCA1F70}"
EndProject
Project("{FAE04EC0-301F-11D3-BF4B-00C04F79EFBC}") = "06_Arrays", "06_Arrays\06_Arrays.csproj", "{FE534EB4-3BE1-4E32-B90B-BDADD978EBA0}"
EndProject
Project("{FAE04EC0-301F-11D3-BF4B-00C04F79EFBC}") = "07_ForeachLoop", "07_ForeachLoop\07_ForeachLoop.csproj", "{55C83F9A-1846-4079-AB48-A91D84BD720B}"
EndProject
Project("{FAE04EC0-301F-11D3-BF4B-00C04F79EFBC}") = "08_Methods", "08_Methods\08_Methods.csproj", "{972BC2ED-0657-4F37-A2E6-CC664EAEA43D}"
EndProject
Project("{FAE04EC0-301F-11D3-BF4B-00C04F79EFBC}") = "09_DatabaseProject", "09_DatabaseProject\09_DatabaseProject.csproj", "{5FC7E0B8-D707-48C2-9C31-4544E2C18967}"
EndProject
Global
	GlobalSection(SolutionConfigurationPlatforms) = preSolution
		Debug|Any CPU = Debug|Any CPU
		Release|Any CPU = Release|Any CPU
	EndGlobalSection
	GlobalSection(ProjectConfigurationPlatforms) = postSolution
		{B1AADFAF-704A-45FD-AC69-16F510F9C5BA}.Debug|Any CPU.ActiveCfg = Debug|Any CPU
		{B1AADFAF-704A-45FD-AC69-16F510F9C5BA}.Debug|Any CPU.Build.0 = Debug|Any CPU
		{B1AADFAF-704A-45FD-AC69-16F510F9C5BA}.Release|Any CPU.ActiveCfg = Release|Any CPU
		{B1AADFAF-704A-45FD-AC69-16F510F9C5BA}.Release|Any CPU.Build.0 = Release|Any CPU
		{57EB5FF8-4C6F-444F-BD67-5B1723B26CCF}.Debug|Any CPU.ActiveCfg = Debug|Any CPU
		{57EB5FF8-4C6F-444F-BD67-5B1723B26CCF}.Debug|Any CPU.Build.0 = Debug|Any CPU
		{57EB5FF8-4C6F-444F-BD67-5B1723B26CCF}.Release|Any CPU.ActiveCfg = Release|Any CPU
		{57EB5FF8-4C6F-444F-BD67-5B1723B26CCF}.Release|Any CPU.Build.0 = Release|Any CPU
		{C5855702-7DBF-419A-99BA-4BA2F3908EC1}.Debug|Any CPU.ActiveCfg = Debug|Any CPU
		{C5855702-7DBF-419A-99BA-4BA2F3908EC1}.Debug|Any CPU.Build.0 = Debug|Any CPU
		{C5855702-7DBF-419A-99BA-4BA2F3908EC1}.Release|Any CPU.ActiveCfg = Release|Any CPU
		{C5855702-7DBF-419A-99BA-4BA2F3908EC1}.Release|Any CPU.Build.0 = Release|Any CPU
		{36FB7CAC-C892-421C-8776-BBBCCFBFC4DE}.Debug|Any CPU.ActiveCfg = Debug|Any CPU
		{36FB7CAC-C892-421C-8776-BBBCCFBFC4DE}.Debug|Any CPU.Build.0 = Debug|Any CPU
		{36FB7CAC-C892-421C-8776-BBBCCFBFC4DE}.Release|Any CPU.ActiveCfg = Release|Any CPU
		{36FB7CAC-C892-421C-8776-BBBCCFBFC4DE}.Release|Any CPU.Build.0 = Release|Any CPU
		{9EA2E8C0-FBAF-44E9-BFD4-F4A45BCA1F70}.Debug|Any CPU.ActiveCfg = Debug|Any CPU
		{9EA2E8C0-FBAF-44E9-BFD4-F4A45BCA1F70}.Debug|Any CPU.Build.0 = Debug|Any CPU
		{9EA2E8C0-FBAF-44E9-BFD4-F4A45BCA1F70}.Release|Any CPU.ActiveCfg = Release|Any CPU
		{9EA2E8C0-FBAF-44E9-BFD4-F4A45BCA1F70}.Release|Any CPU.Build.0 = Release|Any CPU
		{FE534EB4-3BE1-4E32-B90B-BDADD978EBA0}.Debug|Any CPU.ActiveCfg = Debug|Any CPU
		{FE534EB4-3BE1-4E32-B90B-BDADD978EBA0}.Debug|Any CPU.Build.0 = Debug|Any CPU
		{FE534EB4-3BE1-4E32-B90B-BDADD978EBA0}.Release|Any CPU.ActiveCfg = Release|Any CPU
		{FE534EB4-3BE1-4E32-B90B-BDADD978EBA0}.Release|Any CPU.Build.0 = Release|Any CPU
		{55C83F9A-1846-4079-AB48-A91D84BD720B}.Debug|Any CPU.ActiveCfg = Debug|Any CPU
		{55C83F9A-1846-4079-AB48-A91D84BD720B}.Debug|Any CPU.Build.0 = Debug|Any CPU
		{55C83F9A-1846-4079-AB48-A91D84BD720B}.Release|Any CPU.ActiveCfg = Release|Any CPU
		{55C83F9A-1846-4079-AB48-A91D84BD720B}.Release|Any CPU.Build.0 = Release|Any CPU
		{972BC2ED-0657-4F37-A2E6-CC664EAEA43D}.Debug|Any CPU.ActiveCfg = Debug|Any CPU
		{972BC2ED-0657-4F37-A2E6-CC664EAEA43D}.Debug|Any CPU.Build.0 = Debug|Any CPU
		{972BC2ED-0657-4F37-A2E6-CC664EAEA43D}.Release|Any CPU.ActiveCfg = Release|Any CPU
		{972BC2ED-0657-4F37-A2E6-CC664EAEA43D}.Release|Any CPU.Build.0 = Release|Any CPU
		{5FC7E0B8-D707-48C2-9C31-4544E2C18967}.Debug|Any CPU.ActiveCfg = Debug|Any CPU
		{5FC7E0B8-D707-48C2-9C31-4544E2C18967}.Debug|Any CPU.Build.0 = Debug|Any CPU
		{5FC7E0B8-D707-48C2-9C31-4544E2C18967}.Release|Any CPU.ActiveCfg = Release|Any CPU
		{5FC7E0B8-D707-48C2-9C31-4544E2C18967}.Release|Any CPU.Build.0 = Release|Any CPU
	EndGlobalSection
	GlobalSection(SolutionProperties) = preSolution
		HideSolutionNode = FALSE
	EndGlobalSection
	GlobalSection(ExtensibilityGlobals) = postSolution
		SolutionGuid = {9023FDAD-B0F0-40B2-BFCB-296A76F5FA14}
	EndGlobalSection
EndGlobal
